
Microsoft Visual Studio Solution File, Format Version 12.00
# Visual Studio Version 16
VisualStudioVersion = 16.0.30804.86
MinimumVisualStudioVersion = 10.0.40219.1
Project("{9A19103F-16F7-4668-BE54-9A1E7A4F7556}") = "Warden", "Warden\Warden.csproj", "{CE98E7EF-71E8-4D46-B363-B3E058C9DBAA}"
EndProject
Project("{9A19103F-16F7-4668-BE54-9A1E7A4F7556}") = "TestApp", "TestApp\TestApp.csproj", "{535F92BF-EAD3-41A7-BDF6-EA7F05BE9275}"
EndProject
Global
	GlobalSection(SolutionConfigurationPlatforms) = preSolution
		Debug|x64 = Debug|x64
		Release|x64 = Release|x64
	EndGlobalSection
	GlobalSection(ProjectConfigurationPlatforms) = postSolution
		{CE98E7EF-71E8-4D46-B363-B3E058C9DBAA}.Debug|x64.ActiveCfg = Debug|x64
		{CE98E7EF-71E8-4D46-B363-B3E058C9DBAA}.Debug|x64.Build.0 = Debug|x64
		{CE98E7EF-71E8-4D46-B363-B3E058C9DBAA}.Release|x64.ActiveCfg = Release|x64
		{535F92BF-EAD3-41A7-BDF6-EA7F05BE9275}.Debug|x64.ActiveCfg = Debug|x64
		{535F92BF-EAD3-41A7-BDF6-EA7F05BE9275}.Debug|x64.Build.0 = Debug|x64
		{535F92BF-EAD3-41A7-BDF6-EA7F05BE9275}.Release|x64.ActiveCfg = Release|x64
	EndGlobalSection
	GlobalSection(SolutionProperties) = preSolution
		HideSolutionNode = FALSE
	EndGlobalSection
	GlobalSection(ExtensibilityGlobals) = postSolution
		SolutionGuid = {98EB64EB-E2FF-4FF4-B0FF-1FCA1ECB48C6}
	EndGlobalSection
EndGlobal
